
Microsoft Visual Studio Solution File, Format Version 12.00
# Visual Studio 15
VisualStudioVersion = 15.0.28010.2041
MinimumVisualStudioVersion = 10.0.40219.1
Project("{FAE04EC0-301F-11D3-BF4B-00C04F79EFBC}") = "Web Driver", "Web Driver\Web Driver.csproj", "{5E9FC6AD-74D1-46B4-BFED-D7F5F4690B72}"
EndProject
Global
	GlobalSection(SolutionConfigurationPlatforms) = preSolution
		Debug|Any CPU = Debug|Any CPU
		Release|Any CPU = Release|Any CPU
	EndGlobalSection
	GlobalSection(ProjectConfigurationPlatforms) = postSolution
		{5E9FC6AD-74D1-46B4-BFED-D7F5F4690B72}.Debug|Any CPU.ActiveCfg = Debug|Any CPU
		{5E9FC6AD-74D1-46B4-BFED-D7F5F4690B72}.Debug|Any CPU.Build.0 = Debug|Any CPU
		{5E9FC6AD-74D1-46B4-BFED-D7F5F4690B72}.Release|Any CPU.ActiveCfg = Release|Any CPU
		{5E9FC6AD-74D1-46B4-BFED-D7F5F4690B72}.Release|Any CPU.Build.0 = Release|Any CPU
	EndGlobalSection
	GlobalSection(SolutionProperties) = preSolution
		HideSolutionNode = FALSE
	EndGlobalSection
	GlobalSection(ExtensibilityGlobals) = postSolution
		SolutionGuid = {D12462CD-3C3C-49B3-9D8E-8AEC7F947652}
	EndGlobalSection
EndGlobal
