
Microsoft Visual Studio Solution File, Format Version 12.00
# Visual Studio 15
VisualStudioVersion = 15.0.28010.2041
MinimumVisualStudioVersion = 10.0.40219.1
Project("{FAE04EC0-301F-11D3-BF4B-00C04F79EFBC}") = "Framework", "Framework\Framework.csproj", "{B3A0961B-84CA-49E0-AC01-22244B5A1BF2}"
EndProject
Global
	GlobalSection(SolutionConfigurationPlatforms) = preSolution
		Debug|Any CPU = Debug|Any CPU
		Release|Any CPU = Release|Any CPU
	EndGlobalSection
	GlobalSection(ProjectConfigurationPlatforms) = postSolution
		{B3A0961B-84CA-49E0-AC01-22244B5A1BF2}.Debug|Any CPU.ActiveCfg = Debug|Any CPU
		{B3A0961B-84CA-49E0-AC01-22244B5A1BF2}.Debug|Any CPU.Build.0 = Debug|Any CPU
		{B3A0961B-84CA-49E0-AC01-22244B5A1BF2}.Release|Any CPU.ActiveCfg = Release|Any CPU
		{B3A0961B-84CA-49E0-AC01-22244B5A1BF2}.Release|Any CPU.Build.0 = Release|Any CPU
	EndGlobalSection
	GlobalSection(SolutionProperties) = preSolution
		HideSolutionNode = FALSE
	EndGlobalSection
	GlobalSection(ExtensibilityGlobals) = postSolution
		SolutionGuid = {9B90DAAA-0B60-4883-AB46-C0F10A82CD92}
	EndGlobalSection
EndGlobal
